
Microsoft Visual Studio Solution File, Format Version 12.00
# Visual Studio Version 16
VisualStudioVersion = 16.0.34407.143
MinimumVisualStudioVersion = 10.0.40219.1
Project("{FAE04EC0-301F-11D3-BF4B-00C04F79EFBC}") = "WindowsFormsApp1", "WindowsFormsApp1\WindowsFormsApp1.csproj", "{9709D083-6F5E-4D45-8116-1321859FABA7}"
EndProject
Global
	GlobalSection(SolutionConfigurationPlatforms) = preSolution
		Debug|Any CPU = Debug|Any CPU
		Release|Any CPU = Release|Any CPU
	EndGlobalSection
	GlobalSection(ProjectConfigurationPlatforms) = postSolution
		{9709D083-6F5E-4D45-8116-1321859FABA7}.Debug|Any CPU.ActiveCfg = Debug|Any CPU
		{9709D083-6F5E-4D45-8116-1321859FABA7}.Debug|Any CPU.Build.0 = Debug|Any CPU
		{9709D083-6F5E-4D45-8116-1321859FABA7}.Release|Any CPU.ActiveCfg = Release|Any CPU
		{9709D083-6F5E-4D45-8116-1321859FABA7}.Release|Any CPU.Build.0 = Release|Any CPU
	EndGlobalSection
	GlobalSection(SolutionProperties) = preSolution
		HideSolutionNode = FALSE
	EndGlobalSection
	GlobalSection(ExtensibilityGlobals) = postSolution
		SolutionGuid = {D5E584F7-414B-4206-A064-D08045C50DCF}
	EndGlobalSection
EndGlobal
